
Microsoft Visual Studio Solution File, Format Version 12.00
# Visual Studio 14
VisualStudioVersion = 14.0.25123.0
MinimumVisualStudioVersion = 10.0.40219.1
Project("{FAE04EC0-301F-11D3-BF4B-00C04F79EFBC}") = "SwamaanShaadi.DomainClasses", "SwamaanShaadi.DomainModel\SwamaanShaadi.DomainClasses.csproj", "{F451FB39-AD82-4454-8B7D-5ECBD0F0FCDB}"
EndProject
Project("{FAE04EC0-301F-11D3-BF4B-00C04F79EFBC}") = "SwamaanShaadi.DataLayer", "SwamaanShaadi.DataLayer\SwamaanShaadi.DataLayer.csproj", "{6A77CB9C-00C4-4519-9844-D6DDAC774063}"
EndProject
Project("{FAE04EC0-301F-11D3-BF4B-00C04F79EFBC}") = "SwamaanShaadi.DataLayerTests", "SwamaanShaadi.DataLayerTests\SwamaanShaadi.DataLayerTests.csproj", "{45BA2AF6-7943-4660-95EF-D03BC8B25074}"
EndProject
Project("{FAE04EC0-301F-11D3-BF4B-00C04F79EFBC}") = "SwamaanShaadi.WebApi", "SwamaanShaadi.WebApi\SwamaanShaadi.WebApi.csproj", "{7A427B7C-EEC7-4CA5-A0B4-8FAF722708D0}"
EndProject
Project("{FAE04EC0-301F-11D3-BF4B-00C04F79EFBC}") = "SwamaanShaadi.WebApi.Tests", "SwamaanShaadi.WebApi.Tests\SwamaanShaadi.WebApi.Tests.csproj", "{9E754AB0-7307-4909-9D16-0F5DB3DF9012}"
EndProject
Global
	GlobalSection(SolutionConfigurationPlatforms) = preSolution
		Debug|Any CPU = Debug|Any CPU
		Release|Any CPU = Release|Any CPU
	EndGlobalSection
	GlobalSection(ProjectConfigurationPlatforms) = postSolution
		{F451FB39-AD82-4454-8B7D-5ECBD0F0FCDB}.Debug|Any CPU.ActiveCfg = Debug|Any CPU
		{F451FB39-AD82-4454-8B7D-5ECBD0F0FCDB}.Debug|Any CPU.Build.0 = Debug|Any CPU
		{F451FB39-AD82-4454-8B7D-5ECBD0F0FCDB}.Release|Any CPU.ActiveCfg = Release|Any CPU
		{F451FB39-AD82-4454-8B7D-5ECBD0F0FCDB}.Release|Any CPU.Build.0 = Release|Any CPU
		{6A77CB9C-00C4-4519-9844-D6DDAC774063}.Debug|Any CPU.ActiveCfg = Debug|Any CPU
		{6A77CB9C-00C4-4519-9844-D6DDAC774063}.Debug|Any CPU.Build.0 = Debug|Any CPU
		{6A77CB9C-00C4-4519-9844-D6DDAC774063}.Release|Any CPU.ActiveCfg = Release|Any CPU
		{6A77CB9C-00C4-4519-9844-D6DDAC774063}.Release|Any CPU.Build.0 = Release|Any CPU
		{45BA2AF6-7943-4660-95EF-D03BC8B25074}.Debug|Any CPU.ActiveCfg = Debug|Any CPU
		{45BA2AF6-7943-4660-95EF-D03BC8B25074}.Debug|Any CPU.Build.0 = Debug|Any CPU
		{45BA2AF6-7943-4660-95EF-D03BC8B25074}.Release|Any CPU.ActiveCfg = Release|Any CPU
		{45BA2AF6-7943-4660-95EF-D03BC8B25074}.Release|Any CPU.Build.0 = Release|Any CPU
		{7A427B7C-EEC7-4CA5-A0B4-8FAF722708D0}.Debug|Any CPU.ActiveCfg = Debug|Any CPU
		{7A427B7C-EEC7-4CA5-A0B4-8FAF722708D0}.Debug|Any CPU.Build.0 = Debug|Any CPU
		{7A427B7C-EEC7-4CA5-A0B4-8FAF722708D0}.Release|Any CPU.ActiveCfg = Release|Any CPU
		{7A427B7C-EEC7-4CA5-A0B4-8FAF722708D0}.Release|Any CPU.Build.0 = Release|Any CPU
		{9E754AB0-7307-4909-9D16-0F5DB3DF9012}.Debug|Any CPU.ActiveCfg = Debug|Any CPU
		{9E754AB0-7307-4909-9D16-0F5DB3DF9012}.Debug|Any CPU.Build.0 = Debug|Any CPU
		{9E754AB0-7307-4909-9D16-0F5DB3DF9012}.Release|Any CPU.ActiveCfg = Release|Any CPU
		{9E754AB0-7307-4909-9D16-0F5DB3DF9012}.Release|Any CPU.Build.0 = Release|Any CPU
	EndGlobalSection
	GlobalSection(SolutionProperties) = preSolution
		HideSolutionNode = FALSE
	EndGlobalSection
EndGlobal
